
Microsoft Visual Studio Solution File, Format Version 12.00
# Visual Studio 14
VisualStudioVersion = 14.0.25420.1
MinimumVisualStudioVersion = 10.0.40219.1
Project("{FAE04EC0-301F-11D3-BF4B-00C04F79EFBC}") = "Dashboardify.Service", "Dashboardify.Service\Dashboardify.Service.csproj", "{101D0A67-F5F2-436D-8D45-60815E8828E6}"
EndProject
Project("{FAE04EC0-301F-11D3-BF4B-00C04F79EFBC}") = "Dashboardify.WebApi", "Dashboardify.WebApi\Dashboardify.WebApi.csproj", "{23D81FFA-DE11-494F-8476-E229927C50D3}"
EndProject
Project("{FAE04EC0-301F-11D3-BF4B-00C04F79EFBC}") = "Dashboardify.Repositories", "Dashboardify.Repositories\Dashboardify.Repositories.csproj", "{C46B3AE5-DBBB-4117-AB45-9F2FB4B16623}"
EndProject
Project("{FAE04EC0-301F-11D3-BF4B-00C04F79EFBC}") = "Dashboardify.Models", "Dashboardify.Models\Dashboardify.Models.csproj", "{86391CDA-2533-4CF0-ADB0-B73F069683D6}"
EndProject
Project("{FAE04EC0-301F-11D3-BF4B-00C04F79EFBC}") = "Dashboardify.Handlers", "Dashboardify.Handlers\Dashboardify.Handlers.csproj", "{6E3CB52F-46FD-4858-B6F5-70DDC9BFAA6D}"
EndProject
Project("{FAE04EC0-301F-11D3-BF4B-00C04F79EFBC}") = "Dashboardify.Contracts", "Dashboardify.Contracts\Dashboardify.Contracts.csproj", "{AC949BCA-2A0B-443A-B8B7-4DD7F1214E6E}"
EndProject
Project("{FAE04EC0-301F-11D3-BF4B-00C04F79EFBC}") = "Dashboardify.Sandbox", "Dashboardify.Sandbox\Dashboardify.Sandbox.csproj", "{23FD00DD-1B38-4FA6-8F03-5532DDC686E6}"
EndProject
Project("{FAE04EC0-301F-11D3-BF4B-00C04F79EFBC}") = "Dashboardify.Service.Test", "Dashboardify.Service.Test\Dashboardify.Service.Test.csproj", "{451CDF52-AD7C-494C-A251-29B1A206837C}"
EndProject
Global
	GlobalSection(SolutionConfigurationPlatforms) = preSolution
		Debug|Any CPU = Debug|Any CPU
		Release|Any CPU = Release|Any CPU
	EndGlobalSection
	GlobalSection(ProjectConfigurationPlatforms) = postSolution
		{101D0A67-F5F2-436D-8D45-60815E8828E6}.Debug|Any CPU.ActiveCfg = Debug|Any CPU
		{101D0A67-F5F2-436D-8D45-60815E8828E6}.Debug|Any CPU.Build.0 = Debug|Any CPU
		{101D0A67-F5F2-436D-8D45-60815E8828E6}.Release|Any CPU.ActiveCfg = Release|Any CPU
		{101D0A67-F5F2-436D-8D45-60815E8828E6}.Release|Any CPU.Build.0 = Release|Any CPU
		{23D81FFA-DE11-494F-8476-E229927C50D3}.Debug|Any CPU.ActiveCfg = Debug|Any CPU
		{23D81FFA-DE11-494F-8476-E229927C50D3}.Debug|Any CPU.Build.0 = Debug|Any CPU
		{23D81FFA-DE11-494F-8476-E229927C50D3}.Release|Any CPU.ActiveCfg = Release|Any CPU
		{23D81FFA-DE11-494F-8476-E229927C50D3}.Release|Any CPU.Build.0 = Release|Any CPU
		{C46B3AE5-DBBB-4117-AB45-9F2FB4B16623}.Debug|Any CPU.ActiveCfg = Debug|Any CPU
		{C46B3AE5-DBBB-4117-AB45-9F2FB4B16623}.Debug|Any CPU.Build.0 = Debug|Any CPU
		{C46B3AE5-DBBB-4117-AB45-9F2FB4B16623}.Release|Any CPU.ActiveCfg = Release|Any CPU
		{C46B3AE5-DBBB-4117-AB45-9F2FB4B16623}.Release|Any CPU.Build.0 = Release|Any CPU
		{86391CDA-2533-4CF0-ADB0-B73F069683D6}.Debug|Any CPU.ActiveCfg = Debug|Any CPU
		{86391CDA-2533-4CF0-ADB0-B73F069683D6}.Debug|Any CPU.Build.0 = Debug|Any CPU
		{86391CDA-2533-4CF0-ADB0-B73F069683D6}.Release|Any CPU.ActiveCfg = Release|Any CPU
		{86391CDA-2533-4CF0-ADB0-B73F069683D6}.Release|Any CPU.Build.0 = Release|Any CPU
		{6E3CB52F-46FD-4858-B6F5-70DDC9BFAA6D}.Debug|Any CPU.ActiveCfg = Debug|Any CPU
		{6E3CB52F-46FD-4858-B6F5-70DDC9BFAA6D}.Debug|Any CPU.Build.0 = Debug|Any CPU
		{6E3CB52F-46FD-4858-B6F5-70DDC9BFAA6D}.Release|Any CPU.ActiveCfg = Release|Any CPU
		{6E3CB52F-46FD-4858-B6F5-70DDC9BFAA6D}.Release|Any CPU.Build.0 = Release|Any CPU
		{AC949BCA-2A0B-443A-B8B7-4DD7F1214E6E}.Debug|Any CPU.ActiveCfg = Debug|Any CPU
		{AC949BCA-2A0B-443A-B8B7-4DD7F1214E6E}.Debug|Any CPU.Build.0 = Debug|Any CPU
		{AC949BCA-2A0B-443A-B8B7-4DD7F1214E6E}.Release|Any CPU.ActiveCfg = Release|Any CPU
		{AC949BCA-2A0B-443A-B8B7-4DD7F1214E6E}.Release|Any CPU.Build.0 = Release|Any CPU
		{23FD00DD-1B38-4FA6-8F03-5532DDC686E6}.Debug|Any CPU.ActiveCfg = Debug|Any CPU
		{23FD00DD-1B38-4FA6-8F03-5532DDC686E6}.Debug|Any CPU.Build.0 = Debug|Any CPU
		{23FD00DD-1B38-4FA6-8F03-5532DDC686E6}.Release|Any CPU.ActiveCfg = Release|Any CPU
		{23FD00DD-1B38-4FA6-8F03-5532DDC686E6}.Release|Any CPU.Build.0 = Release|Any CPU
		{451CDF52-AD7C-494C-A251-29B1A206837C}.Debug|Any CPU.ActiveCfg = Debug|Any CPU
		{451CDF52-AD7C-494C-A251-29B1A206837C}.Debug|Any CPU.Build.0 = Debug|Any CPU
		{451CDF52-AD7C-494C-A251-29B1A206837C}.Release|Any CPU.ActiveCfg = Release|Any CPU
		{451CDF52-AD7C-494C-A251-29B1A206837C}.Release|Any CPU.Build.0 = Release|Any CPU
	EndGlobalSection
	GlobalSection(SolutionProperties) = preSolution
		HideSolutionNode = FALSE
	EndGlobalSection
EndGlobal
